
Microsoft Visual Studio Solution File, Format Version 12.00
# Visual Studio Version 16
VisualStudioVersion = 16.0.29418.71
MinimumVisualStudioVersion = 10.0.40219.1
Project("{FAE04EC0-301F-11D3-BF4B-00C04F79EFBC}") = "Blog", "Blog\Blog.csproj", "{F498B5E8-5BB2-44AB-9994-34F4F78F6CDC}"
EndProject
Global
	GlobalSection(SolutionConfigurationPlatforms) = preSolution
		Debug|Any CPU = Debug|Any CPU
		Release|Any CPU = Release|Any CPU
	EndGlobalSection
	GlobalSection(ProjectConfigurationPlatforms) = postSolution
		{F498B5E8-5BB2-44AB-9994-34F4F78F6CDC}.Debug|Any CPU.ActiveCfg = Debug|Any CPU
		{F498B5E8-5BB2-44AB-9994-34F4F78F6CDC}.Debug|Any CPU.Build.0 = Debug|Any CPU
		{F498B5E8-5BB2-44AB-9994-34F4F78F6CDC}.Release|Any CPU.ActiveCfg = Release|Any CPU
		{F498B5E8-5BB2-44AB-9994-34F4F78F6CDC}.Release|Any CPU.Build.0 = Release|Any CPU
	EndGlobalSection
	GlobalSection(SolutionProperties) = preSolution
		HideSolutionNode = FALSE
	EndGlobalSection
	GlobalSection(ExtensibilityGlobals) = postSolution
		SolutionGuid = {51EC36D1-0089-450B-90C6-C3954A75B555}
	EndGlobalSection
EndGlobal
